
Microsoft Visual Studio Solution File, Format Version 12.00
# Visual Studio Version 16
VisualStudioVersion = 16.0.30011.22
MinimumVisualStudioVersion = 10.0.40219.1
Project("{FAE04EC0-301F-11D3-BF4B-00C04F79EFBC}") = "TranzactTest", "TranzactTest\TranzactTest.csproj", "{A64584B8-C1B7-4A03-A417-A868DE471042}"
EndProject
Global
	GlobalSection(SolutionConfigurationPlatforms) = preSolution
		Debug|Any CPU = Debug|Any CPU
		Release|Any CPU = Release|Any CPU
	EndGlobalSection
	GlobalSection(ProjectConfigurationPlatforms) = postSolution
		{A64584B8-C1B7-4A03-A417-A868DE471042}.Debug|Any CPU.ActiveCfg = Debug|Any CPU
		{A64584B8-C1B7-4A03-A417-A868DE471042}.Debug|Any CPU.Build.0 = Debug|Any CPU
		{A64584B8-C1B7-4A03-A417-A868DE471042}.Release|Any CPU.ActiveCfg = Release|Any CPU
		{A64584B8-C1B7-4A03-A417-A868DE471042}.Release|Any CPU.Build.0 = Release|Any CPU
	EndGlobalSection
	GlobalSection(SolutionProperties) = preSolution
		HideSolutionNode = FALSE
	EndGlobalSection
	GlobalSection(ExtensibilityGlobals) = postSolution
		SolutionGuid = {0F32495B-8652-44D9-B861-D29A34C6BF39}
	EndGlobalSection
EndGlobal
